// !$*UTF8*$!
{
	archiveVersion = 1;
	classes = {
	};
	objectVersion = 56;
	objects = {

/* Begin PBXBuildFile section */
		9A37439E29A5BC0F00EE69E3 /* AppDelegate.swift in Sources */ = {isa = PBXBuildFile; fileRef = 9A37439D29A5BC0F00EE69E3 /* AppDelegate.swift */; };
		9A3743A029A5BC0F00EE69E3 /* SceneDelegate.swift in Sources */ = {isa = PBXBuildFile; fileRef = 9A37439F29A5BC0F00EE69E3 /* SceneDelegate.swift */; };
		9A3743A229A5BC0F00EE69E3 /* ViewController.swift in Sources */ = {isa = PBXBuildFile; fileRef = 9A3743A129A5BC0F00EE69E3 /* ViewController.swift */; };
		9A3743A529A5BC0F00EE69E3 /* Main.storyboard in Resources */ = {isa = PBXBuildFile; fileRef = 9A3743A329A5BC0F00EE69E3 /* Main.storyboard */; };
		9A3743A729A5BC1100EE69E3 /* Assets.xcassets in Resources */ = {isa = PBXBuildFile; fileRef = 9A3743A629A5BC1100EE69E3 /* Assets.xcassets */; };
		9A3743AA29A5BC1100EE69E3 /* LaunchScreen.storyboard in Resources */ = {isa = PBXBuildFile; fileRef = 9A3743A829A5BC1100EE69E3 /* LaunchScreen.storyboard */; };
		9A3743B529A5BC1100EE69E3 /* TheWeatherTests.swift in Sources */ = {isa = PBXBuildFile; fileRef = 9A3743B429A5BC1100EE69E3 /* TheWeatherTests.swift */; };
		9A3743BF29A5BC1100EE69E3 /* TheWeatherUITests.swift in Sources */ = {isa = PBXBuildFile; fileRef = 9A3743BE29A5BC1100EE69E3 /* TheWeatherUITests.swift */; };
		9A3743C129A5BC1100EE69E3 /* TheWeatherUITestsLaunchTests.swift in Sources */ = {isa = PBXBuildFile; fileRef = 9A3743C029A5BC1100EE69E3 /* TheWeatherUITestsLaunchTests.swift */; };
		9A3743D729A5C67200EE69E3 /* APIConstants.swift in Sources */ = {isa = PBXBuildFile; fileRef = 9A3743D629A5C67200EE69E3 /* APIConstants.swift */; };
		9A3743D929A5C6DA00EE69E3 /* NetworkManager.swift in Sources */ = {isa = PBXBuildFile; fileRef = 9A3743D829A5C6DA00EE69E3 /* NetworkManager.swift */; };
		9A3743DB29A5C76A00EE69E3 /* Weather.swift in Sources */ = {isa = PBXBuildFile; fileRef = 9A3743DA29A5C76A00EE69E3 /* Weather.swift */; };
		9A3743DD29A5CA9400EE69E3 /* WeatherViewController.swift in Sources */ = {isa = PBXBuildFile; fileRef = 9A3743DC29A5CA9400EE69E3 /* WeatherViewController.swift */; };
		9A7B99D629A5E630005784E3 /* WeatherCondition.swift in Sources */ = {isa = PBXBuildFile; fileRef = 9A7B99D529A5E630005784E3 /* WeatherCondition.swift */; };
/* End PBXBuildFile section */

/* Begin PBXContainerItemProxy section */
		9A3743B129A5BC1100EE69E3 /* PBXContainerItemProxy */ = {
			isa = PBXContainerItemProxy;
			containerPortal = 9A37439229A5BC0F00EE69E3 /* Project object */;
			proxyType = 1;
			remoteGlobalIDString = 9A37439929A5BC0F00EE69E3;
			remoteInfo = TheWeather;
		};
		9A3743BB29A5BC1100EE69E3 /* PBXContainerItemProxy */ = {
			isa = PBXContainerItemProxy;
			containerPortal = 9A37439229A5BC0F00EE69E3 /* Project object */;
			proxyType = 1;
			remoteGlobalIDString = 9A37439929A5BC0F00EE69E3;
			remoteInfo = TheWeather;
		};
/* End PBXContainerItemProxy section */

/* Begin PBXFileReference section */
		9A37439A29A5BC0F00EE69E3 /* TheWeather.app */ = {isa = PBXFileReference; explicitFileType = wrapper.application; includeInIndex = 0; path = TheWeather.app; sourceTree = BUILT_PRODUCTS_DIR; };
		9A37439D29A5BC0F00EE69E3 /* AppDelegate.swift */ = {isa = PBXFileReference; lastKnownFileType = sourcecode.swift; path = AppDelegate.swift; sourceTree = "<group>"; };
		9A37439F29A5BC0F00EE69E3 /* SceneDelegate.swift */ = {isa = PBXFileReference; lastKnownFileType = sourcecode.swift; path = SceneDelegate.swift; sourceTree = "<group>"; };
		9A3743A129A5BC0F00EE69E3 /* ViewController.swift */ = {isa = PBXFileReference; lastKnownFileType = sourcecode.swift; path = ViewController.swift; sourceTree = "<group>"; };
		9A3743A429A5BC0F00EE69E3 /* Base */ = {isa = PBXFileReference; lastKnownFileType = file.storyboard; name = Base; path = Base.lproj/Main.storyboard; sourceTree = "<group>"; };
		9A3743A629A5BC1100EE69E3 /* Assets.xcassets */ = {isa = PBXFileReference; lastKnownFileType = folder.assetcatalog; path = Assets.xcassets; sourceTree = "<group>"; };
		9A3743A929A5BC1100EE69E3 /* Base */ = {isa = PBXFileReference; lastKnownFileType = file.storyboard; name = Base; path = Base.lproj/LaunchScreen.storyboard; sourceTree = "<group>"; };
		9A3743AB29A5BC1100EE69E3 /* Info.plist */ = {isa = PBXFileReference; lastKnownFileType = text.plist.xml; path = Info.plist; sourceTree = "<group>"; };
		9A3743B029A5BC1100EE69E3 /* TheWeatherTests.xctest */ = {isa = PBXFileReference; explicitFileType = wrapper.cfbundle; includeInIndex = 0; path = TheWeatherTests.xctest; sourceTree = BUILT_PRODUCTS_DIR; };
		9A3743B429A5BC1100EE69E3 /* TheWeatherTests.swift */ = {isa = PBXFileReference; lastKnownFileType = sourcecode.swift; path = TheWeatherTests.swift; sourceTree = "<group>"; };
		9A3743BA29A5BC1100EE69E3 /* TheWeatherUITests.xctest */ = {isa = PBXFileReference; explicitFileType = wrapper.cfbundle; includeInIndex = 0; path = TheWeatherUITests.xctest; sourceTree = BUILT_PRODUCTS_DIR; };
		9A3743BE29A5BC1100EE69E3 /* TheWeatherUITests.swift */ = {isa = PBXFileReference; lastKnownFileType = sourcecode.swift; path = TheWeatherUITests.swift; sourceTree = "<group>"; };
		9A3743C029A5BC1100EE69E3 /* TheWeatherUITestsLaunchTests.swift */ = {isa = PBXFileReference; lastKnownFileType = sourcecode.swift; path = TheWeatherUITestsLaunchTests.swift; sourceTree = "<group>"; };
		9A3743D629A5C67200EE69E3 /* APIConstants.swift */ = {isa = PBXFileReference; lastKnownFileType = sourcecode.swift; path = APIConstants.swift; sourceTree = "<group>"; };
		9A3743D829A5C6DA00EE69E3 /* NetworkManager.swift */ = {isa = PBXFileReference; lastKnownFileType = sourcecode.swift; path = NetworkManager.swift; sourceTree = "<group>"; };
		9A3743DA29A5C76A00EE69E3 /* Weather.swift */ = {isa = PBXFileReference; lastKnownFileType = sourcecode.swift; path = Weather.swift; sourceTree = "<group>"; };
		9A3743DC29A5CA9400EE69E3 /* WeatherViewController.swift */ = {isa = PBXFileReference; lastKnownFileType = sourcecode.swift; path = WeatherViewController.swift; sourceTree = "<group>"; };
		9A7B99D529A5E630005784E3 /* WeatherCondition.swift */ = {isa = PBXFileReference; lastKnownFileType = sourcecode.swift; path = WeatherCondition.swift; sourceTree = "<group>"; };
/* End PBXFileReference section */

/* Begin PBXFrameworksBuildPhase section */
		9A37439729A5BC0F00EE69E3 /* Frameworks */ = {
			isa = PBXFrameworksBuildPhase;
			buildActionMask = 2147483647;
			files = (
			);
			runOnlyForDeploymentPostprocessing = 0;
		};
		9A3743AD29A5BC1100EE69E3 /* Frameworks */ = {
			isa = PBXFrameworksBuildPhase;
			buildActionMask = 2147483647;
			files = (
			);
			runOnlyForDeploymentPostprocessing = 0;
		};
		9A3743B729A5BC1100EE69E3 /* Frameworks */ = {
			isa = PBXFrameworksBuildPhase;
			buildActionMask = 2147483647;
			files = (
			);
			runOnlyForDeploymentPostprocessing = 0;
		};
/* End PBXFrameworksBuildPhase section */

/* Begin PBXGroup section */
		9A37439129A5BC0F00EE69E3 = {
			isa = PBXGroup;
			children = (
				9A37439C29A5BC0F00EE69E3 /* TheWeather */,
				9A3743B329A5BC1100EE69E3 /* TheWeatherTests */,
				9A3743BD29A5BC1100EE69E3 /* TheWeatherUITests */,
				9A37439B29A5BC0F00EE69E3 /* Products */,
			);
			sourceTree = "<group>";
		};
		9A37439B29A5BC0F00EE69E3 /* Products */ = {
			isa = PBXGroup;
			children = (
				9A37439A29A5BC0F00EE69E3 /* TheWeather.app */,
				9A3743B029A5BC1100EE69E3 /* TheWeatherTests.xctest */,
				9A3743BA29A5BC1100EE69E3 /* TheWeatherUITests.xctest */,
			);
			name = Products;
			sourceTree = "<group>";
		};
		9A37439C29A5BC0F00EE69E3 /* TheWeather */ = {
			isa = PBXGroup;
			children = (
				9A3743AB29A5BC1100EE69E3 /* Info.plist */,
				9A3743A829A5BC1100EE69E3 /* LaunchScreen.storyboard */,
				9A3743D229A5C09300EE69E3 /* Controller */,
				9A3743D029A5C01400EE69E3 /* Model */,
				9A3743D429A5C0A500EE69E3 /* Resource */,
				9A3743D529A5C0AB00EE69E3 /* Supporting Files */,
				9A3743D129A5C02000EE69E3 /* View */,
			);
			path = TheWeather;
			sourceTree = "<group>";
		};
		9A3743B329A5BC1100EE69E3 /* TheWeatherTests */ = {
			isa = PBXGroup;
			children = (
				9A3743B429A5BC1100EE69E3 /* TheWeatherTests.swift */,
			);
			path = TheWeatherTests;
			sourceTree = "<group>";
		};
		9A3743BD29A5BC1100EE69E3 /* TheWeatherUITests */ = {
			isa = PBXGroup;
			children = (
				9A3743BE29A5BC1100EE69E3 /* TheWeatherUITests.swift */,
				9A3743C029A5BC1100EE69E3 /* TheWeatherUITestsLaunchTests.swift */,
			);
			path = TheWeatherUITests;
			sourceTree = "<group>";
		};
		9A3743D029A5C01400EE69E3 /* Model */ = {
			isa = PBXGroup;
			children = (
				9A3743D629A5C67200EE69E3 /* APIConstants.swift */,
				9A3743D829A5C6DA00EE69E3 /* NetworkManager.swift */,
				9A3743DA29A5C76A00EE69E3 /* Weather.swift */,
				9A7B99D529A5E630005784E3 /* WeatherCondition.swift */,
			);
			path = Model;
			sourceTree = "<group>";
		};
		9A3743D129A5C02000EE69E3 /* View */ = {
			isa = PBXGroup;
			children = (
				9A3743A329A5BC0F00EE69E3 /* Main.storyboard */,
			);
			path = View;
			sourceTree = "<group>";
		};
		9A3743D229A5C09300EE69E3 /* Controller */ = {
			isa = PBXGroup;
			children = (
				9A3743DC29A5CA9400EE69E3 /* WeatherViewController.swift */,
			);
			path = Controller;
			sourceTree = "<group>";
		};
		9A3743D429A5C0A500EE69E3 /* Resource */ = {
			isa = PBXGroup;
			children = (
				9A3743A629A5BC1100EE69E3 /* Assets.xcassets */,
			);
			path = Resource;
			sourceTree = "<group>";
		};
		9A3743D529A5C0AB00EE69E3 /* Supporting Files */ = {
			isa = PBXGroup;
			children = (
				9A37439D29A5BC0F00EE69E3 /* AppDelegate.swift */,
				9A37439F29A5BC0F00EE69E3 /* SceneDelegate.swift */,
				9A3743A129A5BC0F00EE69E3 /* ViewController.swift */,
			);
			path = "Supporting Files";
			sourceTree = "<group>";
		};
/* End PBXGroup section */

/* Begin PBXNativeTarget section */
		9A37439929A5BC0F00EE69E3 /* TheWeather */ = {
			isa = PBXNativeTarget;
			buildConfigurationList = 9A3743C429A5BC1100EE69E3 /* Build configuration list for PBXNativeTarget "TheWeather" */;
			buildPhases = (
				9A37439629A5BC0F00EE69E3 /* Sources */,
				9A37439729A5BC0F00EE69E3 /* Frameworks */,
				9A37439829A5BC0F00EE69E3 /* Resources */,
			);
			buildRules = (
			);
			dependencies = (
			);
			name = TheWeather;
			productName = TheWeather;
			productReference = 9A37439A29A5BC0F00EE69E3 /* TheWeather.app */;
			productType = "com.apple.product-type.application";
		};
		9A3743AF29A5BC1100EE69E3 /* TheWeatherTests */ = {
			isa = PBXNativeTarget;
			buildConfigurationList = 9A3743C729A5BC1100EE69E3 /* Build configuration list for PBXNativeTarget "TheWeatherTests" */;
			buildPhases = (
				9A3743AC29A5BC1100EE69E3 /* Sources */,
				9A3743AD29A5BC1100EE69E3 /* Frameworks */,
				9A3743AE29A5BC1100EE69E3 /* Resources */,
			);
			buildRules = (
			);
			dependencies = (
				9A3743B229A5BC1100EE69E3 /* PBXTargetDependency */,
			);
			name = TheWeatherTests;
			productName = TheWeatherTests;
			productReference = 9A3743B029A5BC1100EE69E3 /* TheWeatherTests.xctest */;
			productType = "com.apple.product-type.bundle.unit-test";
		};
		9A3743B929A5BC1100EE69E3 /* TheWeatherUITests */ = {
			isa = PBXNativeTarget;
			buildConfigurationList = 9A3743CA29A5BC1100EE69E3 /* Build configuration list for PBXNativeTarget "TheWeatherUITests" */;
			buildPhases = (
				9A3743B629A5BC1100EE69E3 /* Sources */,
				9A3743B729A5BC1100EE69E3 /* Frameworks */,
				9A3743B829A5BC1100EE69E3 /* Resources */,
			);
			buildRules = (
			);
			dependencies = (
				9A3743BC29A5BC1100EE69E3 /* PBXTargetDependency */,
			);
			name = TheWeatherUITests;
			productName = TheWeatherUITests;
			productReference = 9A3743BA29A5BC1100EE69E3 /* TheWeatherUITests.xctest */;
			productType = "com.apple.product-type.bundle.ui-testing";
		};
/* End PBXNativeTarget section */

/* Begin PBXProject section */
		9A37439229A5BC0F00EE69E3 /* Project object */ = {
			isa = PBXProject;
			attributes = {
				BuildIndependentTargetsInParallel = 1;
				LastSwiftUpdateCheck = 1420;
				LastUpgradeCheck = 1420;
				TargetAttributes = {
					9A37439929A5BC0F00EE69E3 = {
						CreatedOnToolsVersion = 14.2;
					};
					9A3743AF29A5BC1100EE69E3 = {
						CreatedOnToolsVersion = 14.2;
						TestTargetID = 9A37439929A5BC0F00EE69E3;
					};
					9A3743B929A5BC1100EE69E3 = {
						CreatedOnToolsVersion = 14.2;
						TestTargetID = 9A37439929A5BC0F00EE69E3;
					};
				};
			};
			buildConfigurationList = 9A37439529A5BC0F00EE69E3 /* Build configuration list for PBXProject "TheWeather" */;
			compatibilityVersion = "Xcode 14.0";
			developmentRegion = en;
			hasScannedForEncodings = 0;
			knownRegions = (
				en,
				Base,
			);
			mainGroup = 9A37439129A5BC0F00EE69E3;
			productRefGroup = 9A37439B29A5BC0F00EE69E3 /* Products */;
			projectDirPath = "";
			projectRoot = "";
			targets = (
				9A37439929A5BC0F00EE69E3 /* TheWeather */,
				9A3743AF29A5BC1100EE69E3 /* TheWeatherTests */,
				9A3743B929A5BC1100EE69E3 /* TheWeatherUITests */,
			);
		};
/* End PBXProject section */

/* Begin PBXResourcesBuildPhase section */
		9A37439829A5BC0F00EE69E3 /* Resources */ = {
			isa = PBXResourcesBuildPhase;
			buildActionMask = 2147483647;
			files = (
				9A3743AA29A5BC1100EE69E3 /* LaunchScreen.storyboard in Resources */,
				9A3743A729A5BC1100EE69E3 /* Assets.xcassets in Resources */,
				9A3743A529A5BC0F00EE69E3 /* Main.storyboard in Resources */,
			);
			runOnlyForDeploymentPostprocessing = 0;
		};
		9A3743AE29A5BC1100EE69E3 /* Resources */ = {
			isa = PBXResourcesBuildPhase;
			buildActionMask = 2147483647;
			files = (
			);
			runOnlyForDeploymentPostprocessing = 0;
		};
		9A3743B829A5BC1100EE69E3 /* Resources */ = {
			isa = PBXResourcesBuildPhase;
			buildActionMask = 2147483647;
			files = (
			);
			runOnlyForDeploymentPostprocessing = 0;
		};
/* End PBXResourcesBuildPhase section */

/* Begin PBXSourcesBuildPhase section */
		9A37439629A5BC0F00EE69E3 /* Sources */ = {
			isa = PBXSourcesBuildPhase;
			buildActionMask = 2147483647;
			files = (
				9A7B99D629A5E630005784E3 /* WeatherCondition.swift in Sources */,
				9A3743D929A5C6DA00EE69E3 /* NetworkManager.swift in Sources */,
				9A3743D729A5C67200EE69E3 /* APIConstants.swift in Sources */,
				9A3743A229A5BC0F00EE69E3 /* ViewController.swift in Sources */,
				9A37439E29A5BC0F00EE69E3 /* AppDelegate.swift in Sources */,
				9A3743DD29A5CA9400EE69E3 /* WeatherViewController.swift in Sources */,
				9A3743A029A5BC0F00EE69E3 /* SceneDelegate.swift in Sources */,
				9A3743DB29A5C76A00EE69E3 /* Weather.swift in Sources */,
			);
			runOnlyForDeploymentPostprocessing = 0;
		};
		9A3743AC29A5BC1100EE69E3 /* Sources */ = {
			isa = PBXSourcesBuildPhase;
			buildActionMask = 2147483647;
			files = (
				9A3743B529A5BC1100EE69E3 /* TheWeatherTests.swift in Sources */,
			);
			runOnlyForDeploymentPostprocessing = 0;
		};
		9A3743B629A5BC1100EE69E3 /* Sources */ = {
			isa = PBXSourcesBuildPhase;
			buildActionMask = 2147483647;
			files = (
				9A3743BF29A5BC1100EE69E3 /* TheWeatherUITests.swift in Sources */,
				9A3743C129A5BC1100EE69E3 /* TheWeatherUITestsLaunchTests.swift in Sources */,
			);
			runOnlyForDeploymentPostprocessing = 0;
		};
/* End PBXSourcesBuildPhase section */

/* Begin PBXTargetDependency section */
		9A3743B229A5BC1100EE69E3 /* PBXTargetDependency */ = {
			isa = PBXTargetDependency;
			target = 9A37439929A5BC0F00EE69E3 /* TheWeather */;
			targetProxy = 9A3743B129A5BC1100EE69E3 /* PBXContainerItemProxy */;
		};
		9A3743BC29A5BC1100EE69E3 /* PBXTargetDependency */ = {
			isa = PBXTargetDependency;
			target = 9A37439929A5BC0F00EE69E3 /* TheWeather */;
			targetProxy = 9A3743BB29A5BC1100EE69E3 /* PBXContainerItemProxy */;
		};
/* End PBXTargetDependency section */

/* Begin PBXVariantGroup section */
		9A3743A329A5BC0F00EE69E3 /* Main.storyboard */ = {
			isa = PBXVariantGroup;
			children = (
				9A3743A429A5BC0F00EE69E3 /* Base */,
			);
			name = Main.storyboard;
			sourceTree = "<group>";
		};
		9A3743A829A5BC1100EE69E3 /* LaunchScreen.storyboard */ = {
			isa = PBXVariantGroup;
			children = (
				9A3743A929A5BC1100EE69E3 /* Base */,
			);
			name = LaunchScreen.storyboard;
			sourceTree = "<group>";
		};
/* End PBXVariantGroup section */

/* Begin XCBuildConfiguration section */
		9A3743C229A5BC1100EE69E3 /* Debug */ = {
			isa = XCBuildConfiguration;
			buildSettings = {
				ALWAYS_SEARCH_USER_PATHS = NO;
				CLANG_ANALYZER_NONNULL = YES;
				CLANG_ANALYZER_NUMBER_OBJECT_CONVERSION = YES_AGGRESSIVE;
				CLANG_CXX_LANGUAGE_STANDARD = "gnu++20";
				CLANG_ENABLE_MODULES = YES;
				CLANG_ENABLE_OBJC_ARC = YES;
				CLANG_ENABLE_OBJC_WEAK = YES;
				CLANG_WARN_BLOCK_CAPTURE_AUTORELEASING = YES;
				CLANG_WARN_BOOL_CONVERSION = YES;
				CLANG_WARN_COMMA = YES;
				CLANG_WARN_CONSTANT_CONVERSION = YES;
				CLANG_WARN_DEPRECATED_OBJC_IMPLEMENTATIONS = YES;
				CLANG_WARN_DIRECT_OBJC_ISA_USAGE = YES_ERROR;
				CLANG_WARN_DOCUMENTATION_COMMENTS = YES;
				CLANG_WARN_EMPTY_BODY = YES;
				CLANG_WARN_ENUM_CONVERSION = YES;
				CLANG_WARN_INFINITE_RECURSION = YES;
				CLANG_WARN_INT_CONVERSION = YES;
				CLANG_WARN_NON_LITERAL_NULL_CONVERSION = YES;
				CLANG_WARN_OBJC_IMPLICIT_RETAIN_SELF = YES;
				CLANG_WARN_OBJC_LITERAL_CONVERSION = YES;
				CLANG_WARN_OBJC_ROOT_CLASS = YES_ERROR;
				CLANG_WARN_QUOTED_INCLUDE_IN_FRAMEWORK_HEADER = YES;
				CLANG_WARN_RANGE_LOOP_ANALYSIS = YES;
				CLANG_WARN_STRICT_PROTOTYPES = YES;
				CLANG_WARN_SUSPICIOUS_MOVE = YES;
				CLANG_WARN_UNGUARDED_AVAILABILITY = YES_AGGRESSIVE;
				CLANG_WARN_UNREACHABLE_CODE = YES;
				CLANG_WARN__DUPLICATE_METHOD_MATCH = YES;
				COPY_PHASE_STRIP = NO;
				DEBUG_INFORMATION_FORMAT = dwarf;
				ENABLE_STRICT_OBJC_MSGSEND = YES;
				ENABLE_TESTABILITY = YES;
				GCC_C_LANGUAGE_STANDARD = gnu11;
				GCC_DYNAMIC_NO_PIC = NO;
				GCC_NO_COMMON_BLOCKS = YES;
				GCC_OPTIMIZATION_LEVEL = 0;
				GCC_PREPROCESSOR_DEFINITIONS = (
					"DEBUG=1",
					"$(inherited)",
				);
				GCC_WARN_64_TO_32_BIT_CONVERSION = YES;
				GCC_WARN_ABOUT_RETURN_TYPE = YES_ERROR;
				GCC_WARN_UNDECLARED_SELECTOR = YES;
				GCC_WARN_UNINITIALIZED_AUTOS = YES_AGGRESSIVE;
				GCC_WARN_UNUSED_FUNCTION = YES;
				GCC_WARN_UNUSED_VARIABLE = YES;
				IPHONEOS_DEPLOYMENT_TARGET = 16.2;
				MTL_ENABLE_DEBUG_INFO = INCLUDE_SOURCE;
				MTL_FAST_MATH = YES;
				ONLY_ACTIVE_ARCH = YES;
				SDKROOT = iphoneos;
				SWIFT_ACTIVE_COMPILATION_CONDITIONS = DEBUG;
				SWIFT_OPTIMIZATION_LEVEL = "-Onone";
			};
			name = Debug;
		};
		9A3743C329A5BC1100EE69E3 /* Release */ = {
			isa = XCBuildConfiguration;
			buildSettings = {
				ALWAYS_SEARCH_USER_PATHS = NO;
				CLANG_ANALYZER_NONNULL = YES;
				CLANG_ANALYZER_NUMBER_OBJECT_CONVERSION = YES_AGGRESSIVE;
				CLANG_CXX_LANGUAGE_STANDARD = "gnu++20";
				CLANG_ENABLE_MODULES = YES;
				CLANG_ENABLE_OBJC_ARC = YES;
				CLANG_ENABLE_OBJC_WEAK = YES;
				CLANG_WARN_BLOCK_CAPTURE_AUTORELEASING = YES;
				CLANG_WARN_BOOL_CONVERSION = YES;
				CLANG_WARN_COMMA = YES;
				CLANG_WARN_CONSTANT_CONVERSION = YES;
				CLANG_WARN_DEPRECATED_OBJC_IMPLEMENTATIONS = YES;
				CLANG_WARN_DIRECT_OBJC_ISA_USAGE = YES_ERROR;
				CLANG_WARN_DOCUMENTATION_COMMENTS = YES;
				CLANG_WARN_EMPTY_BODY = YES;
				CLANG_WARN_ENUM_CONVERSION = YES;
				CLANG_WARN_INFINITE_RECURSION = YES;
				CLANG_WARN_INT_CONVERSION = YES;
				CLANG_WARN_NON_LITERAL_NULL_CONVERSION = YES;
				CLANG_WARN_OBJC_IMPLICIT_RETAIN_SELF = YES;
				CLANG_WARN_OBJC_LITERAL_CONVERSION = YES;
				CLANG_WARN_OBJC_ROOT_CLASS = YES_ERROR;
				CLANG_WARN_QUOTED_INCLUDE_IN_FRAMEWORK_HEADER = YES;
				CLANG_WARN_RANGE_LOOP_ANALYSIS = YES;
				CLANG_WARN_STRICT_PROTOTYPES = YES;
				CLANG_WARN_SUSPICIOUS_MOVE = YES;
				CLANG_WARN_UNGUARDED_AVAILABILITY = YES_AGGRESSIVE;
				CLANG_WARN_UNREACHABLE_CODE = YES;
				CLANG_WARN__DUPLICATE_METHOD_MATCH = YES;
				COPY_PHASE_STRIP = NO;
				DEBUG_INFORMATION_FORMAT = "dwarf-with-dsym";
				ENABLE_NS_ASSERTIONS = NO;
				ENABLE_STRICT_OBJC_MSGSEND = YES;
				GCC_C_LANGUAGE_STANDARD = gnu11;
				GCC_NO_COMMON_BLOCKS = YES;
				GCC_WARN_64_TO_32_BIT_CONVERSION = YES;
				GCC_WARN_ABOUT_RETURN_TYPE = YES_ERROR;
				GCC_WARN_UNDECLARED_SELECTOR = YES;
				GCC_WARN_UNINITIALIZED_AUTOS = YES_AGGRESSIVE;
				GCC_WARN_UNUSED_FUNCTION = YES;
				GCC_WARN_UNUSED_VARIABLE = YES;
				IPHONEOS_DEPLOYMENT_TARGET = 16.2;
				MTL_ENABLE_DEBUG_INFO = NO;
				MTL_FAST_MATH = YES;
				SDKROOT = iphoneos;
				SWIFT_COMPILATION_MODE = wholemodule;
				SWIFT_OPTIMIZATION_LEVEL = "-O";
				VALIDATE_PRODUCT = YES;
			};
			name = Release;
		};
		9A3743C529A5BC1100EE69E3 /* Debug */ = {
			isa = XCBuildConfiguration;
			buildSettings = {
				ASSETCATALOG_COMPILER_APPICON_NAME = AppIcon;
				ASSETCATALOG_COMPILER_GLOBAL_ACCENT_COLOR_NAME = AccentColor;
				CODE_SIGN_STYLE = Automatic;
				CURRENT_PROJECT_VERSION = 1;
				DEVELOPMENT_TEAM = 5J5945LD2U;
				GENERATE_INFOPLIST_FILE = YES;
				INFOPLIST_FILE = TheWeather/Info.plist;
				INFOPLIST_KEY_UIApplicationSupportsIndirectInputEvents = YES;
				INFOPLIST_KEY_UILaunchStoryboardName = LaunchScreen;
				INFOPLIST_KEY_UIMainStoryboardFile = Main;
				INFOPLIST_KEY_UISupportedInterfaceOrientations_iPad = "UIInterfaceOrientationPortrait UIInterfaceOrientationPortraitUpsideDown UIInterfaceOrientationLandscapeLeft UIInterfaceOrientationLandscapeRight";
				INFOPLIST_KEY_UISupportedInterfaceOrientations_iPhone = "UIInterfaceOrientationPortrait UIInterfaceOrientationLandscapeLeft UIInterfaceOrientationLandscapeRight";
				LD_RUNPATH_SEARCH_PATHS = (
					"$(inherited)",
					"@executable_path/Frameworks",
				);
				MARKETING_VERSION = 1.0;
				PRODUCT_BUNDLE_IDENTIFIER = com.pony.TheWeather;
				PRODUCT_NAME = "$(TARGET_NAME)";
				SWIFT_EMIT_LOC_STRINGS = YES;
				SWIFT_VERSION = 5.0;
				TARGETED_DEVICE_FAMILY = "1,2";
			};
			name = Debug;
		};
		9A3743C629A5BC1100EE69E3 /* Release */ = {
			isa = XCBuildConfiguration;
			buildSettings = {
				ASSETCATALOG_COMPILER_APPICON_NAME = AppIcon;
				ASSETCATALOG_COMPILER_GLOBAL_ACCENT_COLOR_NAME = AccentColor;
				CODE_SIGN_STYLE = Automatic;
				CURRENT_PROJECT_VERSION = 1;
				DEVELOPMENT_TEAM = 5J5945LD2U;
				GENERATE_INFOPLIST_FILE = YES;
				INFOPLIST_FILE = TheWeather/Info.plist;
				INFOPLIST_KEY_UIApplicationSupportsIndirectInputEvents = YES;
				INFOPLIST_KEY_UILaunchStoryboardName = LaunchScreen;
				INFOPLIST_KEY_UIMainStoryboardFile = Main;
				INFOPLIST_KEY_UISupportedInterfaceOrientations_iPad = "UIInterfaceOrientationPortrait UIInterfaceOrientationPortraitUpsideDown UIInterfaceOrientationLandscapeLeft UIInterfaceOrientationLandscapeRight";
				INFOPLIST_KEY_UISupportedInterfaceOrientations_iPhone = "UIInterfaceOrientationPortrait UIInterfaceOrientationLandscapeLeft UIInterfaceOrientationLandscapeRight";
				LD_RUNPATH_SEARCH_PATHS = (
					"$(inherited)",
					"@executable_path/Frameworks",
				);
				MARKETING_VERSION = 1.0;
				PRODUCT_BUNDLE_IDENTIFIER = com.pony.TheWeather;
				PRODUCT_NAME = "$(TARGET_NAME)";
				SWIFT_EMIT_LOC_STRINGS = YES;
				SWIFT_VERSION = 5.0;
				TARGETED_DEVICE_FAMILY = "1,2";
			};
			name = Release;
		};
		9A3743C829A5BC1100EE69E3 /* Debug */ = {
			isa = XCBuildConfiguration;
			buildSettings = {
				ALWAYS_EMBED_SWIFT_STANDARD_LIBRARIES = YES;
				BUNDLE_LOADER = "$(TEST_HOST)";
				CODE_SIGN_STYLE = Automatic;
				CURRENT_PROJECT_VERSION = 1;
				DEVELOPMENT_TEAM = 5J5945LD2U;
				GENERATE_INFOPLIST_FILE = YES;
				IPHONEOS_DEPLOYMENT_TARGET = 16.2;
				MARKETING_VERSION = 1.0;
				PRODUCT_BUNDLE_IDENTIFIER = com.pony.TheWeatherTests;
				PRODUCT_NAME = "$(TARGET_NAME)";
				SWIFT_EMIT_LOC_STRINGS = NO;
				SWIFT_VERSION = 5.0;
				TARGETED_DEVICE_FAMILY = "1,2";
				TEST_HOST = "$(BUILT_PRODUCTS_DIR)/TheWeather.app/$(BUNDLE_EXECUTABLE_FOLDER_PATH)/TheWeather";
			};
			name = Debug;
		};
		9A3743C929A5BC1100EE69E3 /* Release */ = {
			isa = XCBuildConfiguration;
			buildSettings = {
				ALWAYS_EMBED_SWIFT_STANDARD_LIBRARIES = YES;
				BUNDLE_LOADER = "$(TEST_HOST)";
				CODE_SIGN_STYLE = Automatic;
				CURRENT_PROJECT_VERSION = 1;
				DEVELOPMENT_TEAM = 5J5945LD2U;
				GENERATE_INFOPLIST_FILE = YES;
				IPHONEOS_DEPLOYMENT_TARGET = 16.2;
				MARKETING_VERSION = 1.0;
				PRODUCT_BUNDLE_IDENTIFIER = com.pony.TheWeatherTests;
				PRODUCT_NAME = "$(TARGET_NAME)";
				SWIFT_EMIT_LOC_STRINGS = NO;
				SWIFT_VERSION = 5.0;
				TARGETED_DEVICE_FAMILY = "1,2";
				TEST_HOST = "$(BUILT_PRODUCTS_DIR)/TheWeather.app/$(BUNDLE_EXECUTABLE_FOLDER_PATH)/TheWeather";
			};
			name = Release;
		};
		9A3743CB29A5BC1100EE69E3 /* Debug */ = {
			isa = XCBuildConfiguration;
			buildSettings = {
				ALWAYS_EMBED_SWIFT_STANDARD_LIBRARIES = YES;
				CODE_SIGN_STYLE = Automatic;
				CURRENT_PROJECT_VERSION = 1;
				DEVELOPMENT_TEAM = 5J5945LD2U;
				GENERATE_INFOPLIST_FILE = YES;
				MARKETING_VERSION = 1.0;
				PRODUCT_BUNDLE_IDENTIFIER = com.pony.TheWeatherUITests;
				PRODUCT_NAME = "$(TARGET_NAME)";
				SWIFT_EMIT_LOC_STRINGS = NO;
				SWIFT_VERSION = 5.0;
				TARGETED_DEVICE_FAMILY = "1,2";
				TEST_TARGET_NAME = TheWeather;
			};
			name = Debug;
		};
		9A3743CC29A5BC1100EE69E3 /* Release */ = {
			isa = XCBuildConfiguration;
			buildSettings = {
				ALWAYS_EMBED_SWIFT_STANDARD_LIBRARIES = YES;
				CODE_SIGN_STYLE = Automatic;
				CURRENT_PROJECT_VERSION = 1;
				DEVELOPMENT_TEAM = 5J5945LD2U;
				GENERATE_INFOPLIST_FILE = YES;
				MARKETING_VERSION = 1.0;
				PRODUCT_BUNDLE_IDENTIFIER = com.pony.TheWeatherUITests;
				PRODUCT_NAME = "$(TARGET_NAME)";
				SWIFT_EMIT_LOC_STRINGS = NO;
				SWIFT_VERSION = 5.0;
				TARGETED_DEVICE_FAMILY = "1,2";
				TEST_TARGET_NAME = TheWeather;
			};
			name = Release;
		};
/* End XCBuildConfiguration section */

/* Begin XCConfigurationList section */
		9A37439529A5BC0F00EE69E3 /* Build configuration list for PBXProject "TheWeather" */ = {
			isa = XCConfigurationList;
			buildConfigurations = (
				9A3743C229A5BC1100EE69E3 /* Debug */,
				9A3743C329A5BC1100EE69E3 /* Release */,
			);
			defaultConfigurationIsVisible = 0;
			defaultConfigurationName = Release;
		};
		9A3743C429A5BC1100EE69E3 /* Build configuration list for PBXNativeTarget "TheWeather" */ = {
			isa = XCConfigurationList;
			buildConfigurations = (
				9A3743C529A5BC1100EE69E3 /* Debug */,
				9A3743C629A5BC1100EE69E3 /* Release */,
			);
			defaultConfigurationIsVisible = 0;
			defaultConfigurationName = Release;
		};
		9A3743C729A5BC1100EE69E3 /* Build configuration list for PBXNativeTarget "TheWeatherTests" */ = {
			isa = XCConfigurationList;
			buildConfigurations = (
				9A3743C829A5BC1100EE69E3 /* Debug */,
				9A3743C929A5BC1100EE69E3 /* Release */,
			);
			defaultConfigurationIsVisible = 0;
			defaultConfigurationName = Release;
		};
		9A3743CA29A5BC1100EE69E3 /* Build configuration list for PBXNativeTarget "TheWeatherUITests" */ = {
			isa = XCConfigurationList;
			buildConfigurations = (
				9A3743CB29A5BC1100EE69E3 /* Debug */,
				9A3743CC29A5BC1100EE69E3 /* Release */,
			);
			defaultConfigurationIsVisible = 0;
			defaultConfigurationName = Release;
		};
/* End XCConfigurationList section */
	};
	rootObject = 9A37439229A5BC0F00EE69E3 /* Project object */;
}
